// !$*UTF8*$!
{
	archiveVersion = 1;
	classes = {
	};
	objectVersion = 46;
	objects = {

/* Begin PBXBuildFile section */
		7F0F686D1921A00E00C1E793 /* Foundation.framework in Frameworks */ = {isa = PBXBuildFile; fileRef = 7F0F686C1921A00E00C1E793 /* Foundation.framework */; };
		7F0F686F1921A00E00C1E793 /* CoreGraphics.framework in Frameworks */ = {isa = PBXBuildFile; fileRef = 7F0F686E1921A00E00C1E793 /* CoreGraphics.framework */; };
		7F0F68711921A00E00C1E793 /* UIKit.framework in Frameworks */ = {isa = PBXBuildFile; fileRef = 7F0F68701921A00E00C1E793 /* UIKit.framework */; };
		7F0F68771921A00E00C1E793 /* InfoPlist.strings in Resources */ = {isa = PBXBuildFile; fileRef = 7F0F68751921A00E00C1E793 /* InfoPlist.strings */; };
		7F0F68791921A00E00C1E793 /* main.m in Sources */ = {isa = PBXBuildFile; fileRef = 7F0F68781921A00E00C1E793 /* main.m */; };
		7F0F687D1921A00E00C1E793 /* AppDelegate.m in Sources */ = {isa = PBXBuildFile; fileRef = 7F0F687C1921A00E00C1E793 /* AppDelegate.m */; };
		7F0F687F1921A00E00C1E793 /* Images.xcassets in Resources */ = {isa = PBXBuildFile; fileRef = 7F0F687E1921A00E00C1E793 /* Images.xcassets */; };
		7F0F68861921A00E00C1E793 /* XCTest.framework in Frameworks */ = {isa = PBXBuildFile; fileRef = 7F0F68851921A00E00C1E793 /* XCTest.framework */; };
		7F0F68871921A00E00C1E793 /* Foundation.framework in Frameworks */ = {isa = PBXBuildFile; fileRef = 7F0F686C1921A00E00C1E793 /* Foundation.framework */; };
		7F0F68881921A00E00C1E793 /* UIKit.framework in Frameworks */ = {isa = PBXBuildFile; fileRef = 7F0F68701921A00E00C1E793 /* UIKit.framework */; };
		7F0F68901921A00E00C1E793 /* InfoPlist.strings in Resources */ = {isa = PBXBuildFile; fileRef = 7F0F688E1921A00E00C1E793 /* InfoPlist.strings */; };
		7F0F68921921A00E00C1E793 /* viewConceptTests.m in Sources */ = {isa = PBXBuildFile; fileRef = 7F0F68911921A00E00C1E793 /* viewConceptTests.m */; };
/* End PBXBuildFile section */

/* Begin PBXContainerItemProxy section */
		7F0F68891921A00E00C1E793 /* PBXContainerItemProxy */ = {
			isa = PBXContainerItemProxy;
			containerPortal = 7F0F68611921A00E00C1E793 /* Project object */;
			proxyType = 1;
			remoteGlobalIDString = 7F0F68681921A00E00C1E793;
			remoteInfo = viewConcept;
		};
/* End PBXContainerItemProxy section */

/* Begin PBXFileReference section */
		7F0F68691921A00E00C1E793 /* viewConcept.app */ = {isa = PBXFileReference; explicitFileType = wrapper.application; includeInIndex = 0; path = viewConcept.app; sourceTree = BUILT_PRODUCTS_DIR; };
		7F0F686C1921A00E00C1E793 /* Foundation.framework */ = {isa = PBXFileReference; lastKnownFileType = wrapper.framework; name = Foundation.framework; path = System/Library/Frameworks/Foundation.framework; sourceTree = SDKROOT; };
		7F0F686E1921A00E00C1E793 /* CoreGraphics.framework */ = {isa = PBXFileReference; lastKnownFileType = wrapper.framework; name = CoreGraphics.framework; path = System/Library/Frameworks/CoreGraphics.framework; sourceTree = SDKROOT; };
		7F0F68701921A00E00C1E793 /* UIKit.framework */ = {isa = PBXFileReference; lastKnownFileType = wrapper.framework; name = UIKit.framework; path = System/Library/Frameworks/UIKit.framework; sourceTree = SDKROOT; };
		7F0F68741921A00E00C1E793 /* viewConcept-Info.plist */ = {isa = PBXFileReference; lastKnownFileType = text.plist.xml; path = "viewConcept-Info.plist"; sourceTree = "<group>"; };
		7F0F68761921A00E00C1E793 /* en */ = {isa = PBXFileReference; lastKnownFileType = text.plist.strings; name = en; path = en.lproj/InfoPlist.strings; sourceTree = "<group>"; };
		7F0F68781921A00E00C1E793 /* main.m */ = {isa = PBXFileReference; lastKnownFileType = sourcecode.c.objc; path = main.m; sourceTree = "<group>"; };
		7F0F687A1921A00E00C1E793 /* viewConcept-Prefix.pch */ = {isa = PBXFileReference; lastKnownFileType = sourcecode.c.h; path = "viewConcept-Prefix.pch"; sourceTree = "<group>"; };
		7F0F687B1921A00E00C1E793 /* AppDelegate.h */ = {isa = PBXFileReference; lastKnownFileType = sourcecode.c.h; path = AppDelegate.h; sourceTree = "<group>"; };
		7F0F687C1921A00E00C1E793 /* AppDelegate.m */ = {isa = PBXFileReference; lastKnownFileType = sourcecode.c.objc; path = AppDelegate.m; sourceTree = "<group>"; };
		7F0F687E1921A00E00C1E793 /* Images.xcassets */ = {isa = PBXFileReference; lastKnownFileType = folder.assetcatalog; path = Images.xcassets; sourceTree = "<group>"; };
		7F0F68841921A00E00C1E793 /* viewConceptTests.xctest */ = {isa = PBXFileReference; explicitFileType = wrapper.cfbundle; includeInIndex = 0; path = viewConceptTests.xctest; sourceTree = BUILT_PRODUCTS_DIR; };
		7F0F68851921A00E00C1E793 /* XCTest.framework */ = {isa = PBXFileReference; lastKnownFileType = wrapper.framework; name = XCTest.framework; path = Library/Frameworks/XCTest.framework; sourceTree = DEVELOPER_DIR; };
		7F0F688D1921A00E00C1E793 /* viewConceptTests-Info.plist */ = {isa = PBXFileReference; lastKnownFileType = text.plist.xml; path = "viewConceptTests-Info.plist"; sourceTree = "<group>"; };
		7F0F688F1921A00E00C1E793 /* en */ = {isa = PBXFileReference; lastKnownFileType = text.plist.strings; name = en; path = en.lproj/InfoPlist.strings; sourceTree = "<group>"; };
		7F0F68911921A00E00C1E793 /* viewConceptTests.m */ = {isa = PBXFileReference; lastKnownFileType = sourcecode.c.objc; path = viewConceptTests.m; sourceTree = "<group>"; };
/* End PBXFileReference section */

/* Begin PBXFrameworksBuildPhase section */
		7F0F68661921A00E00C1E793 /* Frameworks */ = {
			isa = PBXFrameworksBuildPhase;
			buildActionMask = 2147483647;
			files = (
				7F0F686F1921A00E00C1E793 /* CoreGraphics.framework in Frameworks */,
				7F0F68711921A00E00C1E793 /* UIKit.framework in Frameworks */,
				7F0F686D1921A00E00C1E793 /* Foundation.framework in Frameworks */,
			);
			runOnlyForDeploymentPostprocessing = 0;
		};
		7F0F68811921A00E00C1E793 /* Frameworks */ = {
			isa = PBXFrameworksBuildPhase;
			buildActionMask = 2147483647;
			files = (
				7F0F68861921A00E00C1E793 /* XCTest.framework in Frameworks */,
				7F0F68881921A00E00C1E793 /* UIKit.framework in Frameworks */,
				7F0F68871921A00E00C1E793 /* Foundation.framework in Frameworks */,
			);
			runOnlyForDeploymentPostprocessing = 0;
		};
/* End PBXFrameworksBuildPhase section */

/* Begin PBXGroup section */
		7F0F68601921A00E00C1E793 = {
			isa = PBXGroup;
			children = (
				7F0F68721921A00E00C1E793 /* viewConcept */,
				7F0F688B1921A00E00C1E793 /* viewConceptTests */,
				7F0F686B1921A00E00C1E793 /* Frameworks */,
				7F0F686A1921A00E00C1E793 /* Products */,
			);
			sourceTree = "<group>";
		};
		7F0F686A1921A00E00C1E793 /* Products */ = {
			isa = PBXGroup;
			children = (
				7F0F68691921A00E00C1E793 /* viewConcept.app */,
				7F0F68841921A00E00C1E793 /* viewConceptTests.xctest */,
			);
			name = Products;
			sourceTree = "<group>";
		};
		7F0F686B1921A00E00C1E793 /* Frameworks */ = {
			isa = PBXGroup;
			children = (
				7F0F686C1921A00E00C1E793 /* Foundation.framework */,
				7F0F686E1921A00E00C1E793 /* CoreGraphics.framework */,
				7F0F68701921A00E00C1E793 /* UIKit.framework */,
				7F0F68851921A00E00C1E793 /* XCTest.framework */,
			);
			name = Frameworks;
			sourceTree = "<group>";
		};
		7F0F68721921A00E00C1E793 /* viewConcept */ = {
			isa = PBXGroup;
			children = (
				7F0F687B1921A00E00C1E793 /* AppDelegate.h */,
				7F0F687C1921A00E00C1E793 /* AppDelegate.m */,
				7F0F687E1921A00E00C1E793 /* Images.xcassets */,
				7F0F68731921A00E00C1E793 /* Supporting Files */,
			);
			path = viewConcept;
			sourceTree = "<group>";
		};
		7F0F68731921A00E00C1E793 /* Supporting Files */ = {
			isa = PBXGroup;
			children = (
				7F0F68741921A00E00C1E793 /* viewConcept-Info.plist */,
				7F0F68751921A00E00C1E793 /* InfoPlist.strings */,
				7F0F68781921A00E00C1E793 /* main.m */,
				7F0F687A1921A00E00C1E793 /* viewConcept-Prefix.pch */,
			);
			name = "Supporting Files";
			sourceTree = "<group>";
		};
		7F0F688B1921A00E00C1E793 /* viewConceptTests */ = {
			isa = PBXGroup;
			children = (
				7F0F68911921A00E00C1E793 /* viewConceptTests.m */,
				7F0F688C1921A00E00C1E793 /* Supporting Files */,
			);
			path = viewConceptTests;
			sourceTree = "<group>";
		};
		7F0F688C1921A00E00C1E793 /* Supporting Files */ = {
			isa = PBXGroup;
			children = (
				7F0F688D1921A00E00C1E793 /* viewConceptTests-Info.plist */,
				7F0F688E1921A00E00C1E793 /* InfoPlist.strings */,
			);
			name = "Supporting Files";
			sourceTree = "<group>";
		};
/* End PBXGroup section */

/* Begin PBXNativeTarget section */
		7F0F68681921A00E00C1E793 /* viewConcept */ = {
			isa = PBXNativeTarget;
			buildConfigurationList = 7F0F68951921A00E00C1E793 /* Build configuration list for PBXNativeTarget "viewConcept" */;
			buildPhases = (
				7F0F68651921A00E00C1E793 /* Sources */,
				7F0F68661921A00E00C1E793 /* Frameworks */,
				7F0F68671921A00E00C1E793 /* Resources */,
			);
			buildRules = (
			);
			dependencies = (
			);
			name = viewConcept;
			productName = viewConcept;
			productReference = 7F0F68691921A00E00C1E793 /* viewConcept.app */;
			productType = "com.apple.product-type.application";
		};
		7F0F68831921A00E00C1E793 /* viewConceptTests */ = {
			isa = PBXNativeTarget;
			buildConfigurationList = 7F0F68981921A00E00C1E793 /* Build configuration list for PBXNativeTarget "viewConceptTests" */;
			buildPhases = (
				7F0F68801921A00E00C1E793 /* Sources */,
				7F0F68811921A00E00C1E793 /* Frameworks */,
				7F0F68821921A00E00C1E793 /* Resources */,
			);
			buildRules = (
			);
			dependencies = (
				7F0F688A1921A00E00C1E793 /* PBXTargetDependency */,
			);
			name = viewConceptTests;
			productName = viewConceptTests;
			productReference = 7F0F68841921A00E00C1E793 /* viewConceptTests.xctest */;
			productType = "com.apple.product-type.bundle.unit-test";
		};
/* End PBXNativeTarget section */

/* Begin PBXProject section */
		7F0F68611921A00E00C1E793 /* Project object */ = {
			isa = PBXProject;
			attributes = {
				LastUpgradeCheck = 0510;
				ORGANIZATIONNAME = GMolton;
				TargetAttributes = {
					7F0F68831921A00E00C1E793 = {
						TestTargetID = 7F0F68681921A00E00C1E793;
					};
				};
			};
			buildConfigurationList = 7F0F68641921A00E00C1E793 /* Build configuration list for PBXProject "viewConcept" */;
			compatibilityVersion = "Xcode 3.2";
			developmentRegion = English;
			hasScannedForEncodings = 0;
			knownRegions = (
				en,
			);
			mainGroup = 7F0F68601921A00E00C1E793;
			productRefGroup = 7F0F686A1921A00E00C1E793 /* Products */;
			projectDirPath = "";
			projectRoot = "";
			targets = (
				7F0F68681921A00E00C1E793 /* viewConcept */,
				7F0F68831921A00E00C1E793 /* viewConceptTests */,
			);
		};
/* End PBXProject section */

/* Begin PBXResourcesBuildPhase section */
		7F0F68671921A00E00C1E793 /* Resources */ = {
			isa = PBXResourcesBuildPhase;
			buildActionMask = 2147483647;
			files = (
				7F0F68771921A00E00C1E793 /* InfoPlist.strings in Resources */,
				7F0F687F1921A00E00C1E793 /* Images.xcassets in Resources */,
			);
			runOnlyForDeploymentPostprocessing = 0;
		};
		7F0F68821921A00E00C1E793 /* Resources */ = {
			isa = PBXResourcesBuildPhase;
			buildActionMask = 2147483647;
			files = (
				7F0F68901921A00E00C1E793 /* InfoPlist.strings in Resources */,
			);
			runOnlyForDeploymentPostprocessing = 0;
		};
/* End PBXResourcesBuildPhase section */

/* Begin PBXSourcesBuildPhase section */
		7F0F68651921A00E00C1E793 /* Sources */ = {
			isa = PBXSourcesBuildPhase;
			buildActionMask = 2147483647;
			files = (
				7F0F687D1921A00E00C1E793 /* AppDelegate.m in Sources */,
				7F0F68791921A00E00C1E793 /* main.m in Sources */,
			);
			runOnlyForDeploymentPostprocessing = 0;
		};
		7F0F68801921A00E00C1E793 /* Sources */ = {
			isa = PBXSourcesBuildPhase;
			buildActionMask = 2147483647;
			files = (
				7F0F68921921A00E00C1E793 /* viewConceptTests.m in Sources */,
			);
			runOnlyForDeploymentPostprocessing = 0;
		};
/* End PBXSourcesBuildPhase section */

/* Begin PBXTargetDependency section */
		7F0F688A1921A00E00C1E793 /* PBXTargetDependency */ = {
			isa = PBXTargetDependency;
			target = 7F0F68681921A00E00C1E793 /* viewConcept */;
			targetProxy = 7F0F68891921A00E00C1E793 /* PBXContainerItemProxy */;
		};
/* End PBXTargetDependency section */

/* Begin PBXVariantGroup section */
		7F0F68751921A00E00C1E793 /* InfoPlist.strings */ = {
			isa = PBXVariantGroup;
			children = (
				7F0F68761921A00E00C1E793 /* en */,
			);
			name = InfoPlist.strings;
			sourceTree = "<group>";
		};
		7F0F688E1921A00E00C1E793 /* InfoPlist.strings */ = {
			isa = PBXVariantGroup;
			children = (
				7F0F688F1921A00E00C1E793 /* en */,
			);
			name = InfoPlist.strings;
			sourceTree = "<group>";
		};
/* End PBXVariantGroup section */

/* Begin XCBuildConfiguration section */
		7F0F68931921A00E00C1E793 /* Debug */ = {
			isa = XCBuildConfiguration;
			buildSettings = {
				ALWAYS_SEARCH_USER_PATHS = NO;
				CLANG_CXX_LANGUAGE_STANDARD = "gnu++0x";
				CLANG_CXX_LIBRARY = "libc++";
				CLANG_ENABLE_MODULES = YES;
				CLANG_ENABLE_OBJC_ARC = YES;
				CLANG_WARN_BOOL_CONVERSION = YES;
				CLANG_WARN_CONSTANT_CONVERSION = YES;
				CLANG_WARN_DIRECT_OBJC_ISA_USAGE = YES_ERROR;
				CLANG_WARN_EMPTY_BODY = YES;
				CLANG_WARN_ENUM_CONVERSION = YES;
				CLANG_WARN_INT_CONVERSION = YES;
				CLANG_WARN_OBJC_ROOT_CLASS = YES_ERROR;
				CLANG_WARN__DUPLICATE_METHOD_MATCH = YES;
				"CODE_SIGN_IDENTITY[sdk=iphoneos*]" = "iPhone Developer";
				COPY_PHASE_STRIP = NO;
				GCC_C_LANGUAGE_STANDARD = gnu99;
				GCC_DYNAMIC_NO_PIC = NO;
				GCC_OPTIMIZATION_LEVEL = 0;
				GCC_PREPROCESSOR_DEFINITIONS = (
					"DEBUG=1",
					"$(inherited)",
				);
				GCC_SYMBOLS_PRIVATE_EXTERN = NO;
				GCC_WARN_64_TO_32_BIT_CONVERSION = YES;
				GCC_WARN_ABOUT_RETURN_TYPE = YES_ERROR;
				GCC_WARN_UNDECLARED_SELECTOR = YES;
				GCC_WARN_UNINITIALIZED_AUTOS = YES_AGGRESSIVE;
				GCC_WARN_UNUSED_FUNCTION = YES;
				GCC_WARN_UNUSED_VARIABLE = YES;
				IPHONEOS_DEPLOYMENT_TARGET = 7.1;
				ONLY_ACTIVE_ARCH = YES;
				SDKROOT = iphoneos;
			};
			name = Debug;
		};
		7F0F68941921A00E00C1E793 /* Release */ = {
			isa = XCBuildConfiguration;
			buildSettings = {
				ALWAYS_SEARCH_USER_PATHS = NO;
				CLANG_CXX_LANGUAGE_STANDARD = "gnu++0x";
				CLANG_CXX_LIBRARY = "libc++";
				CLANG_ENABLE_MODULES = YES;
				CLANG_ENABLE_OBJC_ARC = YES;
				CLANG_WARN_BOOL_CONVERSION = YES;
				CLANG_WARN_CONSTANT_CONVERSION = YES;
				CLANG_WARN_DIRECT_OBJC_ISA_USAGE = YES_ERROR;
				CLANG_WARN_EMPTY_BODY = YES;
				CLANG_WARN_ENUM_CONVERSION = YES;
				CLANG_WARN_INT_CONVERSION = YES;
				CLANG_WARN_OBJC_ROOT_CLASS = YES_ERROR;
				CLANG_WARN__DUPLICATE_METHOD_MATCH = YES;
				"CODE_SIGN_IDENTITY[sdk=iphoneos*]" = "iPhone Developer";
				COPY_PHASE_STRIP = YES;
				ENABLE_NS_ASSERTIONS = NO;
				GCC_C_LANGUAGE_STANDARD = gnu99;
				GCC_WARN_64_TO_32_BIT_CONVERSION = YES;
				GCC_WARN_ABOUT_RETURN_TYPE = YES_ERROR;
				GCC_WARN_UNDECLARED_SELECTOR = YES;
				GCC_WARN_UNINITIALIZED_AUTOS = YES_AGGRESSIVE;
				GCC_WARN_UNUSED_FUNCTION = YES;
				GCC_WARN_UNUSED_VARIABLE = YES;
				IPHONEOS_DEPLOYMENT_TARGET = 7.1;
				SDKROOT = iphoneos;
				VALIDATE_PRODUCT = YES;
			};
			name = Release;
		};
		7F0F68961921A00E00C1E793 /* Debug */ = {
			isa = XCBuildConfiguration;
			buildSettings = {
				ASSETCATALOG_COMPILER_APPICON_NAME = AppIcon;
				ASSETCATALOG_COMPILER_LAUNCHIMAGE_NAME = LaunchImage;
				GCC_PRECOMPILE_PREFIX_HEADER = YES;
				GCC_PREFIX_HEADER = "viewConcept/viewConcept-Prefix.pch";
				INFOPLIST_FILE = "viewConcept/viewConcept-Info.plist";
				PRODUCT_NAME = "$(TARGET_NAME)";
				WRAPPER_EXTENSION = app;
			};
			name = Debug;
		};
		7F0F68971921A00E00C1E793 /* Release */ = {
			isa = XCBuildConfiguration;
			buildSettings = {
				ASSETCATALOG_COMPILER_APPICON_NAME = AppIcon;
				ASSETCATALOG_COMPILER_LAUNCHIMAGE_NAME = LaunchImage;
				GCC_PRECOMPILE_PREFIX_HEADER = YES;
				GCC_PREFIX_HEADER = "viewConcept/viewConcept-Prefix.pch";
				INFOPLIST_FILE = "viewConcept/viewConcept-Info.plist";
				PRODUCT_NAME = "$(TARGET_NAME)";
				WRAPPER_EXTENSION = app;
			};
			name = Release;
		};
		7F0F68991921A00E00C1E793 /* Debug */ = {
			isa = XCBuildConfiguration;
			buildSettings = {
				BUNDLE_LOADER = "$(BUILT_PRODUCTS_DIR)/viewConcept.app/viewConcept";
				FRAMEWORK_SEARCH_PATHS = (
					"$(SDKROOT)/Developer/Library/Frameworks",
					"$(inherited)",
					"$(DEVELOPER_FRAMEWORKS_DIR)",
				);
				GCC_PRECOMPILE_PREFIX_HEADER = YES;
				GCC_PREFIX_HEADER = "viewConcept/viewConcept-Prefix.pch";
				GCC_PREPROCESSOR_DEFINITIONS = (
					"DEBUG=1",
					"$(inherited)",
				);
				INFOPLIST_FILE = "viewConceptTests/viewConceptTests-Info.plist";
				PRODUCT_NAME = "$(TARGET_NAME)";
				TEST_HOST = "$(BUNDLE_LOADER)";
				WRAPPER_EXTENSION = xctest;
			};
			name = Debug;
		};
		7F0F689A1921A00E00C1E793 /* Release */ = {
			isa = XCBuildConfiguration;
			buildSettings = {
				BUNDLE_LOADER = "$(BUILT_PRODUCTS_DIR)/viewConcept.app/viewConcept";
				FRAMEWORK_SEARCH_PATHS = (
					"$(SDKROOT)/Developer/Library/Frameworks",
					"$(inherited)",
					"$(DEVELOPER_FRAMEWORKS_DIR)",
				);
				GCC_PRECOMPILE_PREFIX_HEADER = YES;
				GCC_PREFIX_HEADER = "viewConcept/viewConcept-Prefix.pch";
				INFOPLIST_FILE = "viewConceptTests/viewConceptTests-Info.plist";
				PRODUCT_NAME = "$(TARGET_NAME)";
				TEST_HOST = "$(BUNDLE_LOADER)";
				WRAPPER_EXTENSION = xctest;
			};
			name = Release;
		};
/* End XCBuildConfiguration section */

/* Begin XCConfigurationList section */
		7F0F68641921A00E00C1E793 /* Build configuration list for PBXProject "viewConcept" */ = {
			isa = XCConfigurationList;
			buildConfigurations = (
				7F0F68931921A00E00C1E793 /* Debug */,
				7F0F68941921A00E00C1E793 /* Release */,
			);
			defaultConfigurationIsVisible = 0;
			defaultConfigurationName = Release;
		};
		7F0F68951921A00E00C1E793 /* Build configuration list for PBXNativeTarget "viewConcept" */ = {
			isa = XCConfigurationList;
			buildConfigurations = (
				7F0F68961921A00E00C1E793 /* Debug */,
				7F0F68971921A00E00C1E793 /* Release */,
			);
			defaultConfigurationIsVisible = 0;
		};
		7F0F68981921A00E00C1E793 /* Build configuration list for PBXNativeTarget "viewConceptTests" */ = {
			isa = XCConfigurationList;
			buildConfigurations = (
				7F0F68991921A00E00C1E793 /* Debug */,
				7F0F689A1921A00E00C1E793 /* Release */,
			);
			defaultConfigurationIsVisible = 0;
		};
/* End XCConfigurationList section */
	};
	rootObject = 7F0F68611921A00E00C1E793 /* Project object */;
}
